
Microsoft Visual Studio Solution File, Format Version 12.00
# Visual Studio Version 17
VisualStudioVersion = 17.4.33103.184
MinimumVisualStudioVersion = 10.0.40219.1
Project("{9A19103F-16F7-4668-BE54-9A1E7A4F7556}") = "AprendendoDotNetTwitterInspired", "AprendendoDotNetTwitterInspired\AprendendoDotNetTwitterInspired.csproj", "{1B79F731-CFAC-454D-8B49-3FA866BC3FD3}"
EndProject
Project("{FAE04EC0-301F-11D3-BF4B-00C04F79EFBC}") = "AprendendoDotNetTwitterInspiredTests", "AprendendoDotNetTwitterInspiredTests\AprendendoDotNetTwitterInspiredTests.csproj", "{AFACD166-32CC-422F-8520-AE76F7B16C8F}"
EndProject
Global
	GlobalSection(SolutionConfigurationPlatforms) = preSolution
		Debug|Any CPU = Debug|Any CPU
		Release|Any CPU = Release|Any CPU
	EndGlobalSection
	GlobalSection(ProjectConfigurationPlatforms) = postSolution
		{1B79F731-CFAC-454D-8B49-3FA866BC3FD3}.Debug|Any CPU.ActiveCfg = Debug|Any CPU
		{1B79F731-CFAC-454D-8B49-3FA866BC3FD3}.Debug|Any CPU.Build.0 = Debug|Any CPU
		{1B79F731-CFAC-454D-8B49-3FA866BC3FD3}.Release|Any CPU.ActiveCfg = Release|Any CPU
		{1B79F731-CFAC-454D-8B49-3FA866BC3FD3}.Release|Any CPU.Build.0 = Release|Any CPU
		{AFACD166-32CC-422F-8520-AE76F7B16C8F}.Debug|Any CPU.ActiveCfg = Debug|Any CPU
		{AFACD166-32CC-422F-8520-AE76F7B16C8F}.Debug|Any CPU.Build.0 = Debug|Any CPU
		{AFACD166-32CC-422F-8520-AE76F7B16C8F}.Release|Any CPU.ActiveCfg = Release|Any CPU
		{AFACD166-32CC-422F-8520-AE76F7B16C8F}.Release|Any CPU.Build.0 = Release|Any CPU
	EndGlobalSection
	GlobalSection(SolutionProperties) = preSolution
		HideSolutionNode = FALSE
	EndGlobalSection
	GlobalSection(ExtensibilityGlobals) = postSolution
		SolutionGuid = {F55B304E-FCC6-4DB7-92DD-216292CA5174}
	EndGlobalSection
EndGlobal
